
Microsoft Visual Studio Solution File, Format Version 12.00
# Visual Studio 2012
# SharpDevelop 5.1
VisualStudioVersion = 14.0.23107.0
MinimumVisualStudioVersion = 10.0.40219.1
Project("{FAE04EC0-301F-11D3-BF4B-00C04F79EFBC}") = "SNESStudio", "SNESStudio\SNESStudio.csproj", "{C6330951-F9EB-4D9A-99ED-77577877A476}"
EndProject
Project("{FAE04EC0-301F-11D3-BF4B-00C04F79EFBC}") = "CPU", "CPU\CPU.csproj", "{22404EF7-9A5F-444B-8841-6531A2B6FCBD}"
EndProject
Project("{FAE04EC0-301F-11D3-BF4B-00C04F79EFBC}") = "ROM", "ROM\ROM.csproj", "{46410D6D-234A-48DF-98CA-CD8783DE130C}"
EndProject
Project("{FAE04EC0-301F-11D3-BF4B-00C04F79EFBC}") = "MMIO", "MMIO\MMIO.csproj", "{7700975C-C211-4845-994C-462EE26A1760}"
EndProject
Project("{FAE04EC0-301F-11D3-BF4B-00C04F79EFBC}") = "Machine", "Machine\Machine.csproj", "{1A67D27E-68A0-4D37-812D-6D72FD26F547}"
EndProject
Global
	GlobalSection(SolutionConfigurationPlatforms) = preSolution
		Debug|Any CPU = Debug|Any CPU
		Debug|x86 = Debug|x86
		Release|Any CPU = Release|Any CPU
		Release|x86 = Release|x86
	EndGlobalSection
	GlobalSection(ProjectConfigurationPlatforms) = postSolution
		{C6330951-F9EB-4D9A-99ED-77577877A476}.Debug|Any CPU.ActiveCfg = Debug|x86
		{C6330951-F9EB-4D9A-99ED-77577877A476}.Debug|x86.ActiveCfg = Debug|x86
		{C6330951-F9EB-4D9A-99ED-77577877A476}.Debug|x86.Build.0 = Debug|x86
		{C6330951-F9EB-4D9A-99ED-77577877A476}.Release|Any CPU.ActiveCfg = Release|x86
		{C6330951-F9EB-4D9A-99ED-77577877A476}.Release|x86.ActiveCfg = Release|x86
		{C6330951-F9EB-4D9A-99ED-77577877A476}.Release|x86.Build.0 = Release|x86
		{22404EF7-9A5F-444B-8841-6531A2B6FCBD}.Debug|Any CPU.ActiveCfg = Debug|x86
		{22404EF7-9A5F-444B-8841-6531A2B6FCBD}.Debug|Any CPU.Build.0 = Debug|x86
		{22404EF7-9A5F-444B-8841-6531A2B6FCBD}.Debug|x86.ActiveCfg = Debug|x86
		{22404EF7-9A5F-444B-8841-6531A2B6FCBD}.Debug|x86.Build.0 = Debug|x86
		{22404EF7-9A5F-444B-8841-6531A2B6FCBD}.Release|Any CPU.ActiveCfg = Release|Any CPU
		{22404EF7-9A5F-444B-8841-6531A2B6FCBD}.Release|Any CPU.Build.0 = Release|Any CPU
		{22404EF7-9A5F-444B-8841-6531A2B6FCBD}.Release|x86.ActiveCfg = Release|x86
		{22404EF7-9A5F-444B-8841-6531A2B6FCBD}.Release|x86.Build.0 = Release|x86
		{46410D6D-234A-48DF-98CA-CD8783DE130C}.Debug|Any CPU.ActiveCfg = Debug|x86
		{46410D6D-234A-48DF-98CA-CD8783DE130C}.Debug|Any CPU.Build.0 = Debug|x86
		{46410D6D-234A-48DF-98CA-CD8783DE130C}.Debug|x86.ActiveCfg = Debug|x86
		{46410D6D-234A-48DF-98CA-CD8783DE130C}.Debug|x86.Build.0 = Debug|x86
		{46410D6D-234A-48DF-98CA-CD8783DE130C}.Release|Any CPU.ActiveCfg = Release|Any CPU
		{46410D6D-234A-48DF-98CA-CD8783DE130C}.Release|Any CPU.Build.0 = Release|Any CPU
		{46410D6D-234A-48DF-98CA-CD8783DE130C}.Release|x86.ActiveCfg = Release|x86
		{46410D6D-234A-48DF-98CA-CD8783DE130C}.Release|x86.Build.0 = Release|x86
		{7700975C-C211-4845-994C-462EE26A1760}.Debug|Any CPU.ActiveCfg = Debug|x86
		{7700975C-C211-4845-994C-462EE26A1760}.Debug|Any CPU.Build.0 = Debug|x86
		{7700975C-C211-4845-994C-462EE26A1760}.Debug|x86.ActiveCfg = Debug|x86
		{7700975C-C211-4845-994C-462EE26A1760}.Debug|x86.Build.0 = Debug|x86
		{7700975C-C211-4845-994C-462EE26A1760}.Release|Any CPU.ActiveCfg = Release|Any CPU
		{7700975C-C211-4845-994C-462EE26A1760}.Release|Any CPU.Build.0 = Release|Any CPU
		{7700975C-C211-4845-994C-462EE26A1760}.Release|x86.ActiveCfg = Release|x86
		{7700975C-C211-4845-994C-462EE26A1760}.Release|x86.Build.0 = Release|x86
		{1A67D27E-68A0-4D37-812D-6D72FD26F547}.Debug|Any CPU.ActiveCfg = Debug|x86
		{1A67D27E-68A0-4D37-812D-6D72FD26F547}.Debug|Any CPU.Build.0 = Debug|x86
		{1A67D27E-68A0-4D37-812D-6D72FD26F547}.Debug|x86.ActiveCfg = Debug|x86
		{1A67D27E-68A0-4D37-812D-6D72FD26F547}.Debug|x86.Build.0 = Debug|x86
		{1A67D27E-68A0-4D37-812D-6D72FD26F547}.Release|Any CPU.ActiveCfg = Release|Any CPU
		{1A67D27E-68A0-4D37-812D-6D72FD26F547}.Release|Any CPU.Build.0 = Release|Any CPU
		{1A67D27E-68A0-4D37-812D-6D72FD26F547}.Release|x86.ActiveCfg = Release|x86
		{1A67D27E-68A0-4D37-812D-6D72FD26F547}.Release|x86.Build.0 = Release|x86
	EndGlobalSection
	GlobalSection(SolutionProperties) = preSolution
		HideSolutionNode = FALSE
	EndGlobalSection
EndGlobal
